// !$*UTF8*$!
{
	archiveVersion = 1;
	classes = {
	};
	objectVersion = 56;
	objects = {

/* Begin PBXBuildFile section */
		BAAE42BE2A16434A0002F97B /* AppDelegate.swift in Sources */ = {isa = PBXBuildFile; fileRef = BAAE42BD2A16434A0002F97B /* AppDelegate.swift */; };
		BAAE42C02A16434A0002F97B /* SceneDelegate.swift in Sources */ = {isa = PBXBuildFile; fileRef = BAAE42BF2A16434A0002F97B /* SceneDelegate.swift */; };
		BAAE42C22A16434A0002F97B /* MainTabBarViewController.swift in Sources */ = {isa = PBXBuildFile; fileRef = BAAE42C12A16434A0002F97B /* MainTabBarViewController.swift */; };
		BAAE42C72A16434C0002F97B /* Assets.xcassets in Resources */ = {isa = PBXBuildFile; fileRef = BAAE42C62A16434C0002F97B /* Assets.xcassets */; };
		BAAE42CA2A16434C0002F97B /* LaunchScreen.storyboard in Resources */ = {isa = PBXBuildFile; fileRef = BAAE42C82A16434C0002F97B /* LaunchScreen.storyboard */; };
		BAAE42D32A1645840002F97B /* HomeViewController.swift in Sources */ = {isa = PBXBuildFile; fileRef = BAAE42D22A1645840002F97B /* HomeViewController.swift */; };
		BAAE42D52A1645A30002F97B /* UpcomingViewController.swift in Sources */ = {isa = PBXBuildFile; fileRef = BAAE42D42A1645A30002F97B /* UpcomingViewController.swift */; };
		BAAE42D72A1645C10002F97B /* SearchViewController.swift in Sources */ = {isa = PBXBuildFile; fileRef = BAAE42D62A1645C10002F97B /* SearchViewController.swift */; };
		BAAE42D92A1645DC0002F97B /* DownloadsViewController.swift in Sources */ = {isa = PBXBuildFile; fileRef = BAAE42D82A1645DC0002F97B /* DownloadsViewController.swift */; };
		BAAE42E02A164DBC0002F97B /* CollectionViewTableViewCell.swift in Sources */ = {isa = PBXBuildFile; fileRef = BAAE42DF2A164DBC0002F97B /* CollectionViewTableViewCell.swift */; };
		BAAE42E22A1653A00002F97B /* HeroHeaderUIView.swift in Sources */ = {isa = PBXBuildFile; fileRef = BAAE42E12A1653A00002F97B /* HeroHeaderUIView.swift */; };
		BAAE42E42A166B630002F97B /* APICaller.swift in Sources */ = {isa = PBXBuildFile; fileRef = BAAE42E32A166B630002F97B /* APICaller.swift */; };
		BAAE42E62A166E540002F97B /* Title.swift in Sources */ = {isa = PBXBuildFile; fileRef = BAAE42E52A166E540002F97B /* Title.swift */; };
		BAAE42E82A171AB50002F97B /* Extensions.swift in Sources */ = {isa = PBXBuildFile; fileRef = BAAE42E72A171AB50002F97B /* Extensions.swift */; };
		BAAE42EA2A171D7A0002F97B /* Tv.swift in Sources */ = {isa = PBXBuildFile; fileRef = BAAE42E92A171D7A0002F97B /* Tv.swift */; };
		BAAE42EC2A1728090002F97B /* TitleCollectionViewCell.swift in Sources */ = {isa = PBXBuildFile; fileRef = BAAE42EB2A1728090002F97B /* TitleCollectionViewCell.swift */; };
/* End PBXBuildFile section */

/* Begin PBXFileReference section */
		BAAE42BA2A16434A0002F97B /* Netflix Clone.app */ = {isa = PBXFileReference; explicitFileType = wrapper.application; includeInIndex = 0; path = "Netflix Clone.app"; sourceTree = BUILT_PRODUCTS_DIR; };
		BAAE42BD2A16434A0002F97B /* AppDelegate.swift */ = {isa = PBXFileReference; lastKnownFileType = sourcecode.swift; path = AppDelegate.swift; sourceTree = "<group>"; };
		BAAE42BF2A16434A0002F97B /* SceneDelegate.swift */ = {isa = PBXFileReference; lastKnownFileType = sourcecode.swift; path = SceneDelegate.swift; sourceTree = "<group>"; };
		BAAE42C12A16434A0002F97B /* MainTabBarViewController.swift */ = {isa = PBXFileReference; lastKnownFileType = sourcecode.swift; path = MainTabBarViewController.swift; sourceTree = "<group>"; };
		BAAE42C62A16434C0002F97B /* Assets.xcassets */ = {isa = PBXFileReference; lastKnownFileType = folder.assetcatalog; path = Assets.xcassets; sourceTree = "<group>"; };
		BAAE42C92A16434C0002F97B /* Base */ = {isa = PBXFileReference; lastKnownFileType = file.storyboard; name = Base; path = Base.lproj/LaunchScreen.storyboard; sourceTree = "<group>"; };
		BAAE42CB2A16434C0002F97B /* Info.plist */ = {isa = PBXFileReference; lastKnownFileType = text.plist.xml; path = Info.plist; sourceTree = "<group>"; };
		BAAE42D22A1645840002F97B /* HomeViewController.swift */ = {isa = PBXFileReference; lastKnownFileType = sourcecode.swift; path = HomeViewController.swift; sourceTree = "<group>"; };
		BAAE42D42A1645A30002F97B /* UpcomingViewController.swift */ = {isa = PBXFileReference; lastKnownFileType = sourcecode.swift; path = UpcomingViewController.swift; sourceTree = "<group>"; };
		BAAE42D62A1645C10002F97B /* SearchViewController.swift */ = {isa = PBXFileReference; lastKnownFileType = sourcecode.swift; path = SearchViewController.swift; sourceTree = "<group>"; };
		BAAE42D82A1645DC0002F97B /* DownloadsViewController.swift */ = {isa = PBXFileReference; lastKnownFileType = sourcecode.swift; path = DownloadsViewController.swift; sourceTree = "<group>"; };
		BAAE42DF2A164DBC0002F97B /* CollectionViewTableViewCell.swift */ = {isa = PBXFileReference; lastKnownFileType = sourcecode.swift; path = CollectionViewTableViewCell.swift; sourceTree = "<group>"; };
		BAAE42E12A1653A00002F97B /* HeroHeaderUIView.swift */ = {isa = PBXFileReference; lastKnownFileType = sourcecode.swift; path = HeroHeaderUIView.swift; sourceTree = "<group>"; };
		BAAE42E32A166B630002F97B /* APICaller.swift */ = {isa = PBXFileReference; lastKnownFileType = sourcecode.swift; path = APICaller.swift; sourceTree = "<group>"; };
		BAAE42E52A166E540002F97B /* Title.swift */ = {isa = PBXFileReference; lastKnownFileType = sourcecode.swift; path = Title.swift; sourceTree = "<group>"; };
		BAAE42E72A171AB50002F97B /* Extensions.swift */ = {isa = PBXFileReference; lastKnownFileType = sourcecode.swift; path = Extensions.swift; sourceTree = "<group>"; };
		BAAE42E92A171D7A0002F97B /* Tv.swift */ = {isa = PBXFileReference; lastKnownFileType = sourcecode.swift; path = Tv.swift; sourceTree = "<group>"; };
		BAAE42EB2A1728090002F97B /* TitleCollectionViewCell.swift */ = {isa = PBXFileReference; lastKnownFileType = sourcecode.swift; path = TitleCollectionViewCell.swift; sourceTree = "<group>"; };
/* End PBXFileReference section */

/* Begin PBXFrameworksBuildPhase section */
		BAAE42B72A16434A0002F97B /* Frameworks */ = {
			isa = PBXFrameworksBuildPhase;
			buildActionMask = 2147483647;
			files = (
			);
			runOnlyForDeploymentPostprocessing = 0;
		};
/* End PBXFrameworksBuildPhase section */

/* Begin PBXGroup section */
		BAAE42B12A16434A0002F97B = {
			isa = PBXGroup;
			children = (
				BAAE42BC2A16434A0002F97B /* Netflix Clone */,
				BAAE42BB2A16434A0002F97B /* Products */,
			);
			sourceTree = "<group>";
		};
		BAAE42BB2A16434A0002F97B /* Products */ = {
			isa = PBXGroup;
			children = (
				BAAE42BA2A16434A0002F97B /* Netflix Clone.app */,
			);
			name = Products;
			sourceTree = "<group>";
		};
		BAAE42BC2A16434A0002F97B /* Netflix Clone */ = {
			isa = PBXGroup;
			children = (
				BAAE42DE2A164D9B0002F97B /* Managers */,
				BAAE42DD2A164D960002F97B /* Resources */,
				BAAE42DC2A164D760002F97B /* Models */,
				BAAE42DA2A164D680002F97B /* Views */,
				BAAE42DB2A164D700002F97B /* ViewModels */,
				BAAE42D12A1645700002F97B /* Controllers */,
				BAAE42BD2A16434A0002F97B /* AppDelegate.swift */,
				BAAE42BF2A16434A0002F97B /* SceneDelegate.swift */,
				BAAE42C12A16434A0002F97B /* MainTabBarViewController.swift */,
				BAAE42C62A16434C0002F97B /* Assets.xcassets */,
				BAAE42C82A16434C0002F97B /* LaunchScreen.storyboard */,
				BAAE42CB2A16434C0002F97B /* Info.plist */,
			);
			path = "Netflix Clone";
			sourceTree = "<group>";
		};
		BAAE42D12A1645700002F97B /* Controllers */ = {
			isa = PBXGroup;
			children = (
				BAAE42D22A1645840002F97B /* HomeViewController.swift */,
				BAAE42D42A1645A30002F97B /* UpcomingViewController.swift */,
				BAAE42D62A1645C10002F97B /* SearchViewController.swift */,
				BAAE42D82A1645DC0002F97B /* DownloadsViewController.swift */,
			);
			path = Controllers;
			sourceTree = "<group>";
		};
		BAAE42DA2A164D680002F97B /* Views */ = {
			isa = PBXGroup;
			children = (
				BAAE42DF2A164DBC0002F97B /* CollectionViewTableViewCell.swift */,
				BAAE42E12A1653A00002F97B /* HeroHeaderUIView.swift */,
				BAAE42EB2A1728090002F97B /* TitleCollectionViewCell.swift */,
			);
			path = Views;
			sourceTree = "<group>";
		};
		BAAE42DB2A164D700002F97B /* ViewModels */ = {
			isa = PBXGroup;
			children = (
			);
			path = ViewModels;
			sourceTree = "<group>";
		};
		BAAE42DC2A164D760002F97B /* Models */ = {
			isa = PBXGroup;
			children = (
				BAAE42E52A166E540002F97B /* Title.swift */,
				BAAE42E92A171D7A0002F97B /* Tv.swift */,
			);
			path = Models;
			sourceTree = "<group>";
		};
		BAAE42DD2A164D960002F97B /* Resources */ = {
			isa = PBXGroup;
			children = (
				BAAE42E72A171AB50002F97B /* Extensions.swift */,
			);
			path = Resources;
			sourceTree = "<group>";
		};
		BAAE42DE2A164D9B0002F97B /* Managers */ = {
			isa = PBXGroup;
			children = (
				BAAE42E32A166B630002F97B /* APICaller.swift */,
			);
			path = Managers;
			sourceTree = "<group>";
		};
/* End PBXGroup section */

/* Begin PBXNativeTarget section */
		BAAE42B92A16434A0002F97B /* Netflix Clone */ = {
			isa = PBXNativeTarget;
			buildConfigurationList = BAAE42CE2A16434C0002F97B /* Build configuration list for PBXNativeTarget "Netflix Clone" */;
			buildPhases = (
				BAAE42B62A16434A0002F97B /* Sources */,
				BAAE42B72A16434A0002F97B /* Frameworks */,
				BAAE42B82A16434A0002F97B /* Resources */,
			);
			buildRules = (
			);
			dependencies = (
			);
			name = "Netflix Clone";
			productName = "Netflix Clone";
			productReference = BAAE42BA2A16434A0002F97B /* Netflix Clone.app */;
			productType = "com.apple.product-type.application";
		};
/* End PBXNativeTarget section */

/* Begin PBXProject section */
		BAAE42B22A16434A0002F97B /* Project object */ = {
			isa = PBXProject;
			attributes = {
				BuildIndependentTargetsInParallel = 1;
				LastSwiftUpdateCheck = 1430;
				LastUpgradeCheck = 1430;
				TargetAttributes = {
					BAAE42B92A16434A0002F97B = {
						CreatedOnToolsVersion = 14.3;
					};
				};
			};
			buildConfigurationList = BAAE42B52A16434A0002F97B /* Build configuration list for PBXProject "Netflix Clone" */;
			compatibilityVersion = "Xcode 14.0";
			developmentRegion = en;
			hasScannedForEncodings = 0;
			knownRegions = (
				en,
				Base,
			);
			mainGroup = BAAE42B12A16434A0002F97B;
			productRefGroup = BAAE42BB2A16434A0002F97B /* Products */;
			projectDirPath = "";
			projectRoot = "";
			targets = (
				BAAE42B92A16434A0002F97B /* Netflix Clone */,
			);
		};
/* End PBXProject section */

/* Begin PBXResourcesBuildPhase section */
		BAAE42B82A16434A0002F97B /* Resources */ = {
			isa = PBXResourcesBuildPhase;
			buildActionMask = 2147483647;
			files = (
				BAAE42CA2A16434C0002F97B /* LaunchScreen.storyboard in Resources */,
				BAAE42C72A16434C0002F97B /* Assets.xcassets in Resources */,
			);
			runOnlyForDeploymentPostprocessing = 0;
		};
/* End PBXResourcesBuildPhase section */

/* Begin PBXSourcesBuildPhase section */
		BAAE42B62A16434A0002F97B /* Sources */ = {
			isa = PBXSourcesBuildPhase;
			buildActionMask = 2147483647;
			files = (
				BAAE42D72A1645C10002F97B /* SearchViewController.swift in Sources */,
				BAAE42C22A16434A0002F97B /* MainTabBarViewController.swift in Sources */,
				BAAE42E02A164DBC0002F97B /* CollectionViewTableViewCell.swift in Sources */,
				BAAE42E42A166B630002F97B /* APICaller.swift in Sources */,
				BAAE42E22A1653A00002F97B /* HeroHeaderUIView.swift in Sources */,
				BAAE42D92A1645DC0002F97B /* DownloadsViewController.swift in Sources */,
				BAAE42BE2A16434A0002F97B /* AppDelegate.swift in Sources */,
				BAAE42EC2A1728090002F97B /* TitleCollectionViewCell.swift in Sources */,
				BAAE42E82A171AB50002F97B /* Extensions.swift in Sources */,
				BAAE42C02A16434A0002F97B /* SceneDelegate.swift in Sources */,
				BAAE42D52A1645A30002F97B /* UpcomingViewController.swift in Sources */,
				BAAE42E62A166E540002F97B /* Title.swift in Sources */,
				BAAE42EA2A171D7A0002F97B /* Tv.swift in Sources */,
				BAAE42D32A1645840002F97B /* HomeViewController.swift in Sources */,
			);
			runOnlyForDeploymentPostprocessing = 0;
		};
/* End PBXSourcesBuildPhase section */

/* Begin PBXVariantGroup section */
		BAAE42C82A16434C0002F97B /* LaunchScreen.storyboard */ = {
			isa = PBXVariantGroup;
			children = (
				BAAE42C92A16434C0002F97B /* Base */,
			);
			name = LaunchScreen.storyboard;
			sourceTree = "<group>";
		};
/* End PBXVariantGroup section */

/* Begin XCBuildConfiguration section */
		BAAE42CC2A16434C0002F97B /* Debug */ = {
			isa = XCBuildConfiguration;
			buildSettings = {
				ALWAYS_SEARCH_USER_PATHS = NO;
				CLANG_ANALYZER_NONNULL = YES;
				CLANG_ANALYZER_NUMBER_OBJECT_CONVERSION = YES_AGGRESSIVE;
				CLANG_CXX_LANGUAGE_STANDARD = "gnu++20";
				CLANG_ENABLE_MODULES = YES;
				CLANG_ENABLE_OBJC_ARC = YES;
				CLANG_ENABLE_OBJC_WEAK = YES;
				CLANG_WARN_BLOCK_CAPTURE_AUTORELEASING = YES;
				CLANG_WARN_BOOL_CONVERSION = YES;
				CLANG_WARN_COMMA = YES;
				CLANG_WARN_CONSTANT_CONVERSION = YES;
				CLANG_WARN_DEPRECATED_OBJC_IMPLEMENTATIONS = YES;
				CLANG_WARN_DIRECT_OBJC_ISA_USAGE = YES_ERROR;
				CLANG_WARN_DOCUMENTATION_COMMENTS = YES;
				CLANG_WARN_EMPTY_BODY = YES;
				CLANG_WARN_ENUM_CONVERSION = YES;
				CLANG_WARN_INFINITE_RECURSION = YES;
				CLANG_WARN_INT_CONVERSION = YES;
				CLANG_WARN_NON_LITERAL_NULL_CONVERSION = YES;
				CLANG_WARN_OBJC_IMPLICIT_RETAIN_SELF = YES;
				CLANG_WARN_OBJC_LITERAL_CONVERSION = YES;
				CLANG_WARN_OBJC_ROOT_CLASS = YES_ERROR;
				CLANG_WARN_QUOTED_INCLUDE_IN_FRAMEWORK_HEADER = YES;
				CLANG_WARN_RANGE_LOOP_ANALYSIS = YES;
				CLANG_WARN_STRICT_PROTOTYPES = YES;
				CLANG_WARN_SUSPICIOUS_MOVE = YES;
				CLANG_WARN_UNGUARDED_AVAILABILITY = YES_AGGRESSIVE;
				CLANG_WARN_UNREACHABLE_CODE = YES;
				CLANG_WARN__DUPLICATE_METHOD_MATCH = YES;
				COPY_PHASE_STRIP = NO;
				DEBUG_INFORMATION_FORMAT = dwarf;
				ENABLE_STRICT_OBJC_MSGSEND = YES;
				ENABLE_TESTABILITY = YES;
				GCC_C_LANGUAGE_STANDARD = gnu11;
				GCC_DYNAMIC_NO_PIC = NO;
				GCC_NO_COMMON_BLOCKS = YES;
				GCC_OPTIMIZATION_LEVEL = 0;
				GCC_PREPROCESSOR_DEFINITIONS = (
					"DEBUG=1",
					"$(inherited)",
				);
				GCC_WARN_64_TO_32_BIT_CONVERSION = YES;
				GCC_WARN_ABOUT_RETURN_TYPE = YES_ERROR;
				GCC_WARN_UNDECLARED_SELECTOR = YES;
				GCC_WARN_UNINITIALIZED_AUTOS = YES_AGGRESSIVE;
				GCC_WARN_UNUSED_FUNCTION = YES;
				GCC_WARN_UNUSED_VARIABLE = YES;
				IPHONEOS_DEPLOYMENT_TARGET = 16.4;
				MTL_ENABLE_DEBUG_INFO = INCLUDE_SOURCE;
				MTL_FAST_MATH = YES;
				ONLY_ACTIVE_ARCH = YES;
				SDKROOT = iphoneos;
				SWIFT_ACTIVE_COMPILATION_CONDITIONS = DEBUG;
				SWIFT_OPTIMIZATION_LEVEL = "-Onone";
			};
			name = Debug;
		};
		BAAE42CD2A16434C0002F97B /* Release */ = {
			isa = XCBuildConfiguration;
			buildSettings = {
				ALWAYS_SEARCH_USER_PATHS = NO;
				CLANG_ANALYZER_NONNULL = YES;
				CLANG_ANALYZER_NUMBER_OBJECT_CONVERSION = YES_AGGRESSIVE;
				CLANG_CXX_LANGUAGE_STANDARD = "gnu++20";
				CLANG_ENABLE_MODULES = YES;
				CLANG_ENABLE_OBJC_ARC = YES;
				CLANG_ENABLE_OBJC_WEAK = YES;
				CLANG_WARN_BLOCK_CAPTURE_AUTORELEASING = YES;
				CLANG_WARN_BOOL_CONVERSION = YES;
				CLANG_WARN_COMMA = YES;
				CLANG_WARN_CONSTANT_CONVERSION = YES;
				CLANG_WARN_DEPRECATED_OBJC_IMPLEMENTATIONS = YES;
				CLANG_WARN_DIRECT_OBJC_ISA_USAGE = YES_ERROR;
				CLANG_WARN_DOCUMENTATION_COMMENTS = YES;
				CLANG_WARN_EMPTY_BODY = YES;
				CLANG_WARN_ENUM_CONVERSION = YES;
				CLANG_WARN_INFINITE_RECURSION = YES;
				CLANG_WARN_INT_CONVERSION = YES;
				CLANG_WARN_NON_LITERAL_NULL_CONVERSION = YES;
				CLANG_WARN_OBJC_IMPLICIT_RETAIN_SELF = YES;
				CLANG_WARN_OBJC_LITERAL_CONVERSION = YES;
				CLANG_WARN_OBJC_ROOT_CLASS = YES_ERROR;
				CLANG_WARN_QUOTED_INCLUDE_IN_FRAMEWORK_HEADER = YES;
				CLANG_WARN_RANGE_LOOP_ANALYSIS = YES;
				CLANG_WARN_STRICT_PROTOTYPES = YES;
				CLANG_WARN_SUSPICIOUS_MOVE = YES;
				CLANG_WARN_UNGUARDED_AVAILABILITY = YES_AGGRESSIVE;
				CLANG_WARN_UNREACHABLE_CODE = YES;
				CLANG_WARN__DUPLICATE_METHOD_MATCH = YES;
				COPY_PHASE_STRIP = NO;
				DEBUG_INFORMATION_FORMAT = "dwarf-with-dsym";
				ENABLE_NS_ASSERTIONS = NO;
				ENABLE_STRICT_OBJC_MSGSEND = YES;
				GCC_C_LANGUAGE_STANDARD = gnu11;
				GCC_NO_COMMON_BLOCKS = YES;
				GCC_WARN_64_TO_32_BIT_CONVERSION = YES;
				GCC_WARN_ABOUT_RETURN_TYPE = YES_ERROR;
				GCC_WARN_UNDECLARED_SELECTOR = YES;
				GCC_WARN_UNINITIALIZED_AUTOS = YES_AGGRESSIVE;
				GCC_WARN_UNUSED_FUNCTION = YES;
				GCC_WARN_UNUSED_VARIABLE = YES;
				IPHONEOS_DEPLOYMENT_TARGET = 16.4;
				MTL_ENABLE_DEBUG_INFO = NO;
				MTL_FAST_MATH = YES;
				SDKROOT = iphoneos;
				SWIFT_COMPILATION_MODE = wholemodule;
				SWIFT_OPTIMIZATION_LEVEL = "-O";
				VALIDATE_PRODUCT = YES;
			};
			name = Release;
		};
		BAAE42CF2A16434C0002F97B /* Debug */ = {
			isa = XCBuildConfiguration;
			buildSettings = {
				ASSETCATALOG_COMPILER_APPICON_NAME = AppIcon;
				ASSETCATALOG_COMPILER_GLOBAL_ACCENT_COLOR_NAME = AccentColor;
				CODE_SIGN_STYLE = Automatic;
				CURRENT_PROJECT_VERSION = 1;
				GENERATE_INFOPLIST_FILE = YES;
				INFOPLIST_FILE = "Netflix Clone/Info.plist";
				INFOPLIST_KEY_UIApplicationSupportsIndirectInputEvents = YES;
				INFOPLIST_KEY_UILaunchStoryboardName = LaunchScreen;
				INFOPLIST_KEY_UISupportedInterfaceOrientations_iPad = "UIInterfaceOrientationPortrait UIInterfaceOrientationPortraitUpsideDown UIInterfaceOrientationLandscapeLeft UIInterfaceOrientationLandscapeRight";
				INFOPLIST_KEY_UISupportedInterfaceOrientations_iPhone = "UIInterfaceOrientationPortrait UIInterfaceOrientationLandscapeLeft UIInterfaceOrientationLandscapeRight";
				LD_RUNPATH_SEARCH_PATHS = (
					"$(inherited)",
					"@executable_path/Frameworks",
				);
				MARKETING_VERSION = 1.0;
				PRODUCT_BUNDLE_IDENTIFIER = "com.nazar.Netflix-Clone";
				PRODUCT_NAME = "$(TARGET_NAME)";
				SWIFT_EMIT_LOC_STRINGS = YES;
				SWIFT_VERSION = 5.0;
				TARGETED_DEVICE_FAMILY = "1,2";
			};
			name = Debug;
		};
		BAAE42D02A16434C0002F97B /* Release */ = {
			isa = XCBuildConfiguration;
			buildSettings = {
				ASSETCATALOG_COMPILER_APPICON_NAME = AppIcon;
				ASSETCATALOG_COMPILER_GLOBAL_ACCENT_COLOR_NAME = AccentColor;
				CODE_SIGN_STYLE = Automatic;
				CURRENT_PROJECT_VERSION = 1;
				GENERATE_INFOPLIST_FILE = YES;
				INFOPLIST_FILE = "Netflix Clone/Info.plist";
				INFOPLIST_KEY_UIApplicationSupportsIndirectInputEvents = YES;
				INFOPLIST_KEY_UILaunchStoryboardName = LaunchScreen;
				INFOPLIST_KEY_UISupportedInterfaceOrientations_iPad = "UIInterfaceOrientationPortrait UIInterfaceOrientationPortraitUpsideDown UIInterfaceOrientationLandscapeLeft UIInterfaceOrientationLandscapeRight";
				INFOPLIST_KEY_UISupportedInterfaceOrientations_iPhone = "UIInterfaceOrientationPortrait UIInterfaceOrientationLandscapeLeft UIInterfaceOrientationLandscapeRight";
				LD_RUNPATH_SEARCH_PATHS = (
					"$(inherited)",
					"@executable_path/Frameworks",
				);
				MARKETING_VERSION = 1.0;
				PRODUCT_BUNDLE_IDENTIFIER = "com.nazar.Netflix-Clone";
				PRODUCT_NAME = "$(TARGET_NAME)";
				SWIFT_EMIT_LOC_STRINGS = YES;
				SWIFT_VERSION = 5.0;
				TARGETED_DEVICE_FAMILY = "1,2";
			};
			name = Release;
		};
/* End XCBuildConfiguration section */

/* Begin XCConfigurationList section */
		BAAE42B52A16434A0002F97B /* Build configuration list for PBXProject "Netflix Clone" */ = {
			isa = XCConfigurationList;
			buildConfigurations = (
				BAAE42CC2A16434C0002F97B /* Debug */,
				BAAE42CD2A16434C0002F97B /* Release */,
			);
			defaultConfigurationIsVisible = 0;
			defaultConfigurationName = Release;
		};
		BAAE42CE2A16434C0002F97B /* Build configuration list for PBXNativeTarget "Netflix Clone" */ = {
			isa = XCConfigurationList;
			buildConfigurations = (
				BAAE42CF2A16434C0002F97B /* Debug */,
				BAAE42D02A16434C0002F97B /* Release */,
			);
			defaultConfigurationIsVisible = 0;
			defaultConfigurationName = Release;
		};
/* End XCConfigurationList section */
	};
	rootObject = BAAE42B22A16434A0002F97B /* Project object */;
}
